
Microsoft Visual Studio Solution File, Format Version 12.00
# Visual Studio Version 16
VisualStudioVersion = 16.0.30804.86
MinimumVisualStudioVersion = 10.0.40219.1
Project("{FAE04EC0-301F-11D3-BF4B-00C04F79EFBC}") = "AlgoexpertProblems", "AlgoexpertProblems\AlgoexpertProblems.csproj", "{3199A135-CE0C-4AEB-9A74-F2B16F360F87}"
EndProject
Global
	GlobalSection(SolutionConfigurationPlatforms) = preSolution
		Debug|Any CPU = Debug|Any CPU
		Release|Any CPU = Release|Any CPU
	EndGlobalSection
	GlobalSection(ProjectConfigurationPlatforms) = postSolution
		{3199A135-CE0C-4AEB-9A74-F2B16F360F87}.Debug|Any CPU.ActiveCfg = Debug|Any CPU
		{3199A135-CE0C-4AEB-9A74-F2B16F360F87}.Debug|Any CPU.Build.0 = Debug|Any CPU
		{3199A135-CE0C-4AEB-9A74-F2B16F360F87}.Release|Any CPU.ActiveCfg = Release|Any CPU
		{3199A135-CE0C-4AEB-9A74-F2B16F360F87}.Release|Any CPU.Build.0 = Release|Any CPU
	EndGlobalSection
	GlobalSection(SolutionProperties) = preSolution
		HideSolutionNode = FALSE
	EndGlobalSection
	GlobalSection(ExtensibilityGlobals) = postSolution
		SolutionGuid = {B2BF9ADD-27FF-4A13-BD2E-FF004800E9EB}
	EndGlobalSection
EndGlobal
